name: AdBlock
on:
  schedule:
    - cron: "0 0 * * *"
  workflow_dispatch:

jobs:
  download-and-save:
    runs-on: ubuntu-latest
    steps:
      - name: 拉取当前仓库代码
        uses: actions/checkout@v4
        with:
          persist-credentials: false

      - name: 用wget模拟浏览器下载AdBlock（解决403拦截）
        run: |
          wget -O AdBlock "https://yfamilys.com/rule/AntiAD.list" \
          --user-agent="Mozilla/5.0 (Windows NT 10.0; Win64; x64) AppleWebKit/537.36 (KHTML, like Gecko) Chrome/124.0.0.0 Safari/537.36" \
          --header="Accept: text/html,application/xhtml+xml,application/xml;q=0.9,image/avif,image/webp,*/*;q=0.8" \
          --header="Accept-Language: zh-CN,zh;q=0.8,en-US;q=0.5,en;q=0.3"
          echo "下载完成，文件大小：$(du -h AdBlock)"

      - name: 检查dpdisk/quantumult_x仓库是否存在
        id: check_repo
        run: |
          RESPONSE=$(curl -s -w "%{http_code}" -H "Authorization: token ${{ secrets.PANGPANG }}" "https://api.github.com/repos/dpdisk/quantumult_x")
          HTTP_CODE=$(echo "$RESPONSE" | tail -n1)
          echo "repo_exists=$([ "$HTTP_CODE" -eq 200 ] && echo "true" || echo "false")" >> $GITHUB_OUTPUT

      - name: 若仓库不存在则创建
        if: steps.check_repo.outputs.repo_exists == 'false'
        run: |
          curl -X POST -H "Authorization: token ${{ secrets.PANGPANG }}" -H "Content-Type: application/json" -d '{"name":"quantumult_x","auto_init":false,"visibility":"public"}' "https://api.github.com/user/repos"

      - name: 克隆dpdisk/quantumult_x仓库
        run: |
          git clone -b main --single-branch https://${{ secrets.PANGPANG }}@github.com/dpdisk/quantumult_x.git target-repo || (mkdir -p target-repo && cd target-repo && git init && git remote add origin https://${{ secrets.PANGPANG }}@github.com/dpdisk/quantumult_x.git && git checkout -b main)

      - name: 移动文件到目标仓库根目录
        run: |
          mkdir -p target-repo/filter
          mv AdBlock target-repo/filter/
          echo "文件已移动到：target-repo/filter/AdBlock"

      - name: 提交并推送dpdisk仓库变更
        run: |
          cd target-repo
          git config --global user.name "GitHub Actions"
          git config --global user.email "actions@github.com"
          git add filter/AdBlock
          CURRENT_TIME=$(date -d "+8 hours" +'%Y-%m-%d %H:%M:%S')
          git commit -m "updatetime $CURRENT_TIME" || echo "无文件变更，无需提交"
          git push https://${{ secrets.PANGPANG }}@github.com/dpdisk/quantumult_x.git HEAD:main
